github.com/davecgh/go-spew v1.1.1 h1:vj9j/u1bqnvCEfJOwUhtlOARqs3+rkHYY13jYWTU97c=
github.com/davecgh/go-spew v1.1.1/go.mod h1:J7Y8YcW2NihsgmVo/mv3lAwl/skON4iLHjSsI+c5H38=
github.com/gabriel-samfira/sys v0.0.0-20150608132119-9ddc60d56b51 h1:rUp9t/FbeJM3R3BSYkJfViN3CNQcmk44H20SqkJ/y+k=
github.com/gabriel-samfira/sys v0.0.0-20150608132119-9ddc60d56b51/go.mod h1:j3qx7fgMceeChTk5ItmRVrWR2ZOTHI9ymSVsxolzC/g=
github.com/juju/collections v0.0.0-20180516022642-90152009b5f3 h1:vsgRzWJryhjAt1d+IoKZsD/toE8PZAOGDZEXqGITT90=
github.com/juju/collections v0.0.0-20180516022642-90152009b5f3/go.mod h1:Ep+c0vnxsgmmTtsMibPgEEleZyi0b4uVvyzJ+8ka9EI=
github.com/juju/errors v0.0.0-20150916125642-1b5e39b83d18 h1:Sem5Flzxj8ZdAgY2wfHBUlOYyP4wrpIfM8IZgANNGh8=
github.com/juju/errors v0.0.0-20150916125642-1b5e39b83d18/go.mod h1:W54LbzXuIE0boCoNJfwqpmkKJ1O4TCTZMetAt6jGk7Q=
github.com/juju/gojsonpointer v0.0.0-20150204194629-afe8b77aa08f h1:QzpKmMsaP06HVZnYNlcy1CLIXPytsj2NuzfCHitxuus=
github.com/juju/gojsonpointer v0.0.0-20150204194629-afe8b77aa08f/go.mod h1:IsZAJBSicjtWD22i4pWwfl0xgijIeBEOIJYwgM9bpqw=
github.com/juju/gojsonreference v0.0.0-20150204194633-f0d24ac5ee33 h1:huRsqE0iXmVPTML75YvFBOiaNj4ZiCZgKVnkRQ06d3w=
github.com/juju/gojsonreference v0.0.0-20150204194633-f0d24ac5ee33/go.mod h1:UxUZdlQkjnbl3YoCZT1y5uxmvG2KMwqgffBFccD7qHI=
github.com/juju/gojsonschema v0.0.0-20150312170016-e1ad140384f2 h1:VqIDC6dRE0C7wEtTdT6zx2zP5omaoJiZXp2g/dBHRcE=
github.com/juju/gojsonschema v0.0.0-20150312170016-e1ad140384f2/go.mod h1:w3BDUH3gGgrcrAyvEbBy3lNb1vmdqG31UMn3njL8oGc=
github.com/juju/loggo v0.0.0-20150527035839-8477fc936adf h1:7d8KoV5TW1Ujrfkj3hdQ653BFTcxVS9lWEMUtiID84I=
github.com/juju/loggo v0.0.0-20150527035839-8477fc936adf/go.mod h1:vgyd7OREkbtVEN/8IXZe5Ooef3LQePvuBm9UWj6ZL8U=
github.com/juju/schema v0.0.0-20160301111646-1e25943f8c6f h1:J6ARra8LkLbCoiL82CrKhom6Vc2Y9jgIW0FxD+S7+GA=
github.com/juju/schema v0.0.0-20160301111646-1e25943f8c6f/go.mod h1:7dL+43wADDfx5rD9ibr5H9Dgr4iOM3uHOa1i4IVLak8=
github.com/juju/testing v0.0.0-20160404094317-162fafccebf2 h1:C+gWv+EJsR2EnURfXCkhcXRfmu3G0WIY5RHZbVclxK4=
github.com/juju/testing v0.0.0-20160404094317-162fafccebf2/go.mod h1:63prj8cnj0tU0S9OHjGJn+b1h0ZghCndfnbQolrYTwA=
github.com/juju/utils v0.0.0-20160526025251-ffea6ead0c37 h1:WdF0MJnVxVDHitoSsCNGnrgNUfJeTgB+0lgcc4iZbSQ=
github.com/juju/utils v0.0.0-20160526025251-ffea6ead0c37/go.mod h1:6/KLg8Wz/y2KVGWEpkK9vMNGkOnu4k/cqs8Z1fKjTOk=
github.com/juju/version v0.0.0-20151127203400-ef897ad7f130 h1:H70mW/mP6rnn8XMbjb5mOuxeUBhRJgWl3CGZ8xMuWvI=
github.com/juju/version v0.0.0-20151127203400-ef897ad7f130/go.mod h1:kE8gK5X0CImdr7qpSKl3xB2PmpySSmfj7zVbkZFs81U=
github.com/pmezard/go-difflib v1.0.0 h1:4DBwDE0NGyQoBHbLQYPwSUPoCMWR5BEzIk/f1lZbAQM=
github.com/pmezard/go-difflib v1.0.0/go.mod h1:iKH77koFhYxTK1pcRnkKkqfTogsbg7gZNVY4sRDYZ/4=
github.com/stretchr/testify v1.2.2 h1:bSDNvY7ZPG5RlJ8otE/7V6gMiyenm9RtJ7IUVIAoJ1w=
github.com/stretchr/testify v1.2.2/go.mod h1:a8OnRcib4nhh0OaRAV+Yts87kKdq0PP7pXfy6kDkUVs=
golang.org/x/crypto v0.0.0-20150830180642-aedad9a179ec h1:QDhlVdap91k4Ttt4tbounelV2lm4cj2lCZoBK45NbQk=
golang.org/x/crypto v0.0.0-20150830180642-aedad9a179ec/go.mod h1:6SG95UA2DQfeDnfUPMdvaQW0Q7yPrPDi9nlGo2tz2b4=
gopkg.in/check.v1 v1.0.0-20160105164936-4f90aeace3a2 h1:+j1SppRob9bAgoYmsdW9NNBdKZfgYuWpqnYHv78Qt8w=
gopkg.in/check.v1 v1.0.0-20160105164936-4f90aeace3a2/go.mod h1:Co6ibVJAznAaIkqp8huTwlJQCZ016jof/cbN4VW5Yz0=
gopkg.in/juju/names.v2 v2.0.0-20160525230723-e38bc90539f2 h1:0vYlaNH+c/XCe28O1947Y9LN7a22GeWesTxp8izoBds=
gopkg.in/juju/names.v2 v2.0.0-20160525230723-e38bc90539f2/go.mod h1:XXa/v5qG1IsStRg5KTE8JkDMndoDMOKH1YYw0jSUWaM=
gopkg.in/mgo.v2 v2.0.0-20151026163453-4d04138ffef2 h1:CKYze8wyQzWBYXJbaAULgDDCqwJqhY+AKc0TBA4qRH8=
gopkg.in/mgo.v2 v2.0.0-20151026163453-4d04138ffef2/go.mod h1:yeKp02qBN3iKW1OzL3MGk2IdtZzaj7SFntXj72NppTA=
gopkg.in/yaml.v2 v2.0.0-20160301204022-a83829b6f129 h1:RBgb9aPUbZ9nu66ecQNIBNsA7j3mB5h8PNDIfhPjaJg=
gopkg.in/yaml.v2 v2.0.0-20160301204022-a83829b6f129/go.mod h1:JAlM8MvJe8wmxCU4Bli9HhUf9+ttbYbLASfIpnQbh74=
launchpad.net/gocheck v0.0.0-20140225173054-000000000087 h1:Izowp2XBH6Ya6rv+hqbceQyw/gSGoXfH/UPoTGduL54=
launchpad.net/gocheck v0.0.0-20140225173054-000000000087/go.mod h1:hj7XX3B/0A+80Vse0e+BUHsHMTEhd0O4cpUHr/e/BUM=
